
Microsoft Visual Studio Solution File, Format Version 12.00
# Visual Studio Version 16
VisualStudioVersion = 16.0.30717.126
MinimumVisualStudioVersion = 10.0.40219.1
Project("{FAE04EC0-301F-11D3-BF4B-00C04F79EFBC}") = "RockScizorsPaperApp", "RockScizorsPaperApp\RockScizorsPaperApp.csproj", "{887B1E02-A64C-4F31-AEC2-8B05DEF4E1E8}"
EndProject
Global
	GlobalSection(SolutionConfigurationPlatforms) = preSolution
		Debug|Any CPU = Debug|Any CPU
		Release|Any CPU = Release|Any CPU
	EndGlobalSection
	GlobalSection(ProjectConfigurationPlatforms) = postSolution
		{887B1E02-A64C-4F31-AEC2-8B05DEF4E1E8}.Debug|Any CPU.ActiveCfg = Debug|Any CPU
		{887B1E02-A64C-4F31-AEC2-8B05DEF4E1E8}.Debug|Any CPU.Build.0 = Debug|Any CPU
		{887B1E02-A64C-4F31-AEC2-8B05DEF4E1E8}.Release|Any CPU.ActiveCfg = Release|Any CPU
		{887B1E02-A64C-4F31-AEC2-8B05DEF4E1E8}.Release|Any CPU.Build.0 = Release|Any CPU
	EndGlobalSection
	GlobalSection(SolutionProperties) = preSolution
		HideSolutionNode = FALSE
	EndGlobalSection
	GlobalSection(ExtensibilityGlobals) = postSolution
		SolutionGuid = {82C88ECD-7F67-41F2-8F53-8C5050BA0914}
	EndGlobalSection
EndGlobal
